// !$*UTF8*$!
{
	archiveVersion = 1;
	classes = {
	};
	objectVersion = 50;
	objects = {

/* Begin PBXBuildFile section */
		AA49F69923336996002BD9DA /* main.cpp in Sources */ = {isa = PBXBuildFile; fileRef = AA49F69823336996002BD9DA /* main.cpp */; };
		AA7759A8233CB15F00AB7764 /* MILinkList.cpp in Sources */ = {isa = PBXBuildFile; fileRef = AA7759A6233CB15F00AB7764 /* MILinkList.cpp */; };
/* End PBXBuildFile section */

/* Begin PBXCopyFilesBuildPhase section */
		AA49F69323336996002BD9DA /* CopyFiles */ = {
			isa = PBXCopyFilesBuildPhase;
			buildActionMask = 2147483647;
			dstPath = /usr/share/man/man1/;
			dstSubfolderSpec = 0;
			files = (
			);
			runOnlyForDeploymentPostprocessing = 1;
		};
/* End PBXCopyFilesBuildPhase section */

/* Begin PBXFileReference section */
		AA49F69523336996002BD9DA /* leetcode_c++ */ = {isa = PBXFileReference; explicitFileType = "compiled.mach-o.executable"; includeInIndex = 0; path = "leetcode_c++"; sourceTree = BUILT_PRODUCTS_DIR; };
		AA49F69823336996002BD9DA /* main.cpp */ = {isa = PBXFileReference; lastKnownFileType = sourcecode.cpp.cpp; path = main.cpp; sourceTree = "<group>"; };
		AA49F6A0233369F3002BD9DA /* lc_01.hpp */ = {isa = PBXFileReference; lastKnownFileType = sourcecode.cpp.h; path = lc_01.hpp; sourceTree = "<group>"; };
		AA49F6A323338AB1002BD9DA /* lc_07.hpp */ = {isa = PBXFileReference; lastKnownFileType = sourcecode.cpp.h; path = lc_07.hpp; sourceTree = "<group>"; };
		AA7415A32334A47D00345A4F /* lc_09.hpp */ = {isa = PBXFileReference; lastKnownFileType = sourcecode.cpp.h; path = lc_09.hpp; sourceTree = "<group>"; };
		AA7415A62334AD2A00345A4F /* lc_20.hpp */ = {isa = PBXFileReference; lastKnownFileType = sourcecode.cpp.h; path = lc_20.hpp; sourceTree = "<group>"; };
		AA7415A92334B78500345A4F /* lc_26.hpp */ = {isa = PBXFileReference; lastKnownFileType = sourcecode.cpp.h; path = lc_26.hpp; sourceTree = "<group>"; };
		AA7415AC2334D0AF00345A4F /* lc_27.hpp */ = {isa = PBXFileReference; lastKnownFileType = sourcecode.cpp.h; path = lc_27.hpp; sourceTree = "<group>"; };
		AA7415AF2334DC7B00345A4F /* lc_13.hpp */ = {isa = PBXFileReference; lastKnownFileType = sourcecode.cpp.h; path = lc_13.hpp; sourceTree = "<group>"; };
		AA7759A6233CB15F00AB7764 /* MILinkList.cpp */ = {isa = PBXFileReference; lastKnownFileType = sourcecode.cpp.cpp; path = MILinkList.cpp; sourceTree = "<group>"; };
		AA7759A7233CB15F00AB7764 /* MILinkList.hpp */ = {isa = PBXFileReference; lastKnownFileType = sourcecode.cpp.h; path = MILinkList.hpp; sourceTree = "<group>"; };
		AA7EA6A923544FF400952361 /* lc_53.hpp */ = {isa = PBXFileReference; lastKnownFileType = sourcecode.cpp.h; path = lc_53.hpp; sourceTree = "<group>"; };
		AA7EA6AC2354661500952361 /* lc_198.hpp */ = {isa = PBXFileReference; lastKnownFileType = sourcecode.cpp.h; path = lc_198.hpp; sourceTree = "<group>"; };
		AA7EA6AF23559FBD00952361 /* lc_509.hpp */ = {isa = PBXFileReference; lastKnownFileType = sourcecode.cpp.h; path = lc_509.hpp; sourceTree = "<group>"; };
		AA7EA6B22355A7E200952361 /* lc_322.hpp */ = {isa = PBXFileReference; lastKnownFileType = sourcecode.cpp.h; path = lc_322.hpp; sourceTree = "<group>"; };
		AA7EA6B52355DFB000952361 /* lc_392.hpp */ = {isa = PBXFileReference; lastKnownFileType = sourcecode.cpp.h; path = lc_392.hpp; sourceTree = "<group>"; };
		AAB5D2BF23C459E500FB2F29 /* MISort.hpp */ = {isa = PBXFileReference; lastKnownFileType = sourcecode.cpp.h; path = MISort.hpp; sourceTree = "<group>"; };
		AACDF77E2338DAD900BBE97E /* lc_88.hpp */ = {isa = PBXFileReference; lastKnownFileType = sourcecode.cpp.h; path = lc_88.hpp; sourceTree = "<group>"; };
		AACDF781233A119C00BBE97E /* lc_38.hpp */ = {isa = PBXFileReference; lastKnownFileType = sourcecode.cpp.h; path = lc_38.hpp; sourceTree = "<group>"; };
		AACDF784233B0D8D00BBE97E /* lc_67.hpp */ = {isa = PBXFileReference; lastKnownFileType = sourcecode.cpp.h; path = lc_67.hpp; sourceTree = "<group>"; };
		AACDF787233B455200BBE97E /* lc_66.hpp */ = {isa = PBXFileReference; lastKnownFileType = sourcecode.cpp.h; path = lc_66.hpp; sourceTree = "<group>"; };
		AACDF78A233B519400BBE97E /* lc_58.hpp */ = {isa = PBXFileReference; lastKnownFileType = sourcecode.cpp.h; path = lc_58.hpp; sourceTree = "<group>"; };
		AACDF78D233B613200BBE97E /* lc_14.hpp */ = {isa = PBXFileReference; lastKnownFileType = sourcecode.cpp.h; path = lc_14.hpp; sourceTree = "<group>"; };
		AACDF790233B6D0E00BBE97E /* lc_69.hpp */ = {isa = PBXFileReference; lastKnownFileType = sourcecode.cpp.h; path = lc_69.hpp; sourceTree = "<group>"; };
		AACDF793233B75FC00BBE97E /* lc_21.hpp */ = {isa = PBXFileReference; lastKnownFileType = sourcecode.cpp.h; path = lc_21.hpp; sourceTree = "<group>"; };
		AAEAA9BC2350605A001A4428 /* lc_83.hpp */ = {isa = PBXFileReference; lastKnownFileType = sourcecode.cpp.h; path = lc_83.hpp; sourceTree = "<group>"; };
		AAEAA9BF2350751E001A4428 /* lc_70.hpp */ = {isa = PBXFileReference; lastKnownFileType = sourcecode.cpp.h; path = lc_70.hpp; sourceTree = "<group>"; };
/* End PBXFileReference section */

/* Begin PBXFrameworksBuildPhase section */
		AA49F69223336996002BD9DA /* Frameworks */ = {
			isa = PBXFrameworksBuildPhase;
			buildActionMask = 2147483647;
			files = (
			);
			runOnlyForDeploymentPostprocessing = 0;
		};
/* End PBXFrameworksBuildPhase section */

/* Begin PBXGroup section */
		AA49F68C23336996002BD9DA = {
			isa = PBXGroup;
			children = (
				AAFCF49C23C3226300DE76B8 /* sort */,
				AA7759A5233CB14100AB7764 /* datastructure */,
				AA49F69723336996002BD9DA /* leetcode_c++ */,
				AA49F69623336996002BD9DA /* Products */,
			);
			sourceTree = "<group>";
		};
		AA49F69623336996002BD9DA /* Products */ = {
			isa = PBXGroup;
			children = (
				AA49F69523336996002BD9DA /* leetcode_c++ */,
			);
			name = Products;
			sourceTree = "<group>";
		};
		AA49F69723336996002BD9DA /* leetcode_c++ */ = {
			isa = PBXGroup;
			children = (
				AA49F6A0233369F3002BD9DA /* lc_01.hpp */,
				AA49F6A323338AB1002BD9DA /* lc_07.hpp */,
				AA7415A32334A47D00345A4F /* lc_09.hpp */,
				AA7415AF2334DC7B00345A4F /* lc_13.hpp */,
				AACDF78D233B613200BBE97E /* lc_14.hpp */,
				AA7415A62334AD2A00345A4F /* lc_20.hpp */,
				AACDF793233B75FC00BBE97E /* lc_21.hpp */,
				AA7415A92334B78500345A4F /* lc_26.hpp */,
				AA7415AC2334D0AF00345A4F /* lc_27.hpp */,
				AACDF781233A119C00BBE97E /* lc_38.hpp */,
				AA7EA6A923544FF400952361 /* lc_53.hpp */,
				AACDF78A233B519400BBE97E /* lc_58.hpp */,
				AACDF787233B455200BBE97E /* lc_66.hpp */,
				AACDF784233B0D8D00BBE97E /* lc_67.hpp */,
				AACDF790233B6D0E00BBE97E /* lc_69.hpp */,
				AAEAA9BF2350751E001A4428 /* lc_70.hpp */,
				AAEAA9BC2350605A001A4428 /* lc_83.hpp */,
				AACDF77E2338DAD900BBE97E /* lc_88.hpp */,
				AA7EA6AC2354661500952361 /* lc_198.hpp */,
				AA7EA6B22355A7E200952361 /* lc_322.hpp */,
				AA7EA6B52355DFB000952361 /* lc_392.hpp */,
				AA7EA6AF23559FBD00952361 /* lc_509.hpp */,
				AA49F69823336996002BD9DA /* main.cpp */,
			);
			path = "leetcode_c++";
			sourceTree = "<group>";
		};
		AA7759A5233CB14100AB7764 /* datastructure */ = {
			isa = PBXGroup;
			children = (
				AA7759A7233CB15F00AB7764 /* MILinkList.hpp */,
				AA7759A6233CB15F00AB7764 /* MILinkList.cpp */,
			);
			path = datastructure;
			sourceTree = "<group>";
		};
		AAFCF49C23C3226300DE76B8 /* sort */ = {
			isa = PBXGroup;
			children = (
				AAB5D2BF23C459E500FB2F29 /* MISort.hpp */,
			);
			path = sort;
			sourceTree = "<group>";
		};
/* End PBXGroup section */

/* Begin PBXNativeTarget section */
		AA49F69423336996002BD9DA /* leetcode_c++ */ = {
			isa = PBXNativeTarget;
			buildConfigurationList = AA49F69C23336996002BD9DA /* Build configuration list for PBXNativeTarget "leetcode_c++" */;
			buildPhases = (
				AA49F69123336996002BD9DA /* Sources */,
				AA49F69223336996002BD9DA /* Frameworks */,
				AA49F69323336996002BD9DA /* CopyFiles */,
			);
			buildRules = (
			);
			dependencies = (
			);
			name = "leetcode_c++";
			productName = "leetcode_c++";
			productReference = AA49F69523336996002BD9DA /* leetcode_c++ */;
			productType = "com.apple.product-type.tool";
		};
/* End PBXNativeTarget section */

/* Begin PBXProject section */
		AA49F68D23336996002BD9DA /* Project object */ = {
			isa = PBXProject;
			attributes = {
				LastUpgradeCheck = 1030;
				ORGANIZATIONNAME = ucloud;
				TargetAttributes = {
					AA49F69423336996002BD9DA = {
						CreatedOnToolsVersion = 10.3;
					};
				};
			};
			buildConfigurationList = AA49F69023336996002BD9DA /* Build configuration list for PBXProject "leetcode_c++" */;
			compatibilityVersion = "Xcode 9.3";
			developmentRegion = en;
			hasScannedForEncodings = 0;
			knownRegions = (
				en,
			);
			mainGroup = AA49F68C23336996002BD9DA;
			productRefGroup = AA49F69623336996002BD9DA /* Products */;
			projectDirPath = "";
			projectRoot = "";
			targets = (
				AA49F69423336996002BD9DA /* leetcode_c++ */,
			);
		};
/* End PBXProject section */

/* Begin PBXSourcesBuildPhase section */
		AA49F69123336996002BD9DA /* Sources */ = {
			isa = PBXSourcesBuildPhase;
			buildActionMask = 2147483647;
			files = (
				AA49F69923336996002BD9DA /* main.cpp in Sources */,
				AA7759A8233CB15F00AB7764 /* MILinkList.cpp in Sources */,
			);
			runOnlyForDeploymentPostprocessing = 0;
		};
/* End PBXSourcesBuildPhase section */

/* Begin XCBuildConfiguration section */
		AA49F69A23336996002BD9DA /* Debug */ = {
			isa = XCBuildConfiguration;
			buildSettings = {
				ALWAYS_SEARCH_USER_PATHS = NO;
				CLANG_ANALYZER_NONNULL = YES;
				CLANG_ANALYZER_NUMBER_OBJECT_CONVERSION = YES_AGGRESSIVE;
				CLANG_CXX_LANGUAGE_STANDARD = "gnu++14";
				CLANG_CXX_LIBRARY = "libc++";
				CLANG_ENABLE_MODULES = YES;
				CLANG_ENABLE_OBJC_ARC = YES;
				CLANG_ENABLE_OBJC_WEAK = YES;
				CLANG_WARN_BLOCK_CAPTURE_AUTORELEASING = YES;
				CLANG_WARN_BOOL_CONVERSION = YES;
				CLANG_WARN_COMMA = YES;
				CLANG_WARN_CONSTANT_CONVERSION = YES;
				CLANG_WARN_DEPRECATED_OBJC_IMPLEMENTATIONS = YES;
				CLANG_WARN_DIRECT_OBJC_ISA_USAGE = YES_ERROR;
				CLANG_WARN_DOCUMENTATION_COMMENTS = YES;
				CLANG_WARN_EMPTY_BODY = YES;
				CLANG_WARN_ENUM_CONVERSION = YES;
				CLANG_WARN_INFINITE_RECURSION = YES;
				CLANG_WARN_INT_CONVERSION = YES;
				CLANG_WARN_NON_LITERAL_NULL_CONVERSION = YES;
				CLANG_WARN_OBJC_IMPLICIT_RETAIN_SELF = YES;
				CLANG_WARN_OBJC_LITERAL_CONVERSION = YES;
				CLANG_WARN_OBJC_ROOT_CLASS = YES_ERROR;
				CLANG_WARN_RANGE_LOOP_ANALYSIS = YES;
				CLANG_WARN_STRICT_PROTOTYPES = YES;
				CLANG_WARN_SUSPICIOUS_MOVE = YES;
				CLANG_WARN_UNGUARDED_AVAILABILITY = YES_AGGRESSIVE;
				CLANG_WARN_UNREACHABLE_CODE = YES;
				CLANG_WARN__DUPLICATE_METHOD_MATCH = YES;
				CODE_SIGN_IDENTITY = "-";
				COPY_PHASE_STRIP = NO;
				DEBUG_INFORMATION_FORMAT = dwarf;
				ENABLE_STRICT_OBJC_MSGSEND = YES;
				ENABLE_TESTABILITY = YES;
				GCC_C_LANGUAGE_STANDARD = gnu11;
				GCC_DYNAMIC_NO_PIC = NO;
				GCC_NO_COMMON_BLOCKS = YES;
				GCC_OPTIMIZATION_LEVEL = 0;
				GCC_PREPROCESSOR_DEFINITIONS = (
					"DEBUG=1",
					"$(inherited)",
				);
				GCC_WARN_64_TO_32_BIT_CONVERSION = YES;
				GCC_WARN_ABOUT_RETURN_TYPE = YES_ERROR;
				GCC_WARN_UNDECLARED_SELECTOR = YES;
				GCC_WARN_UNINITIALIZED_AUTOS = YES_AGGRESSIVE;
				GCC_WARN_UNUSED_FUNCTION = YES;
				GCC_WARN_UNUSED_VARIABLE = YES;
				MACOSX_DEPLOYMENT_TARGET = 10.14;
				MTL_ENABLE_DEBUG_INFO = INCLUDE_SOURCE;
				MTL_FAST_MATH = YES;
				ONLY_ACTIVE_ARCH = YES;
				OTHER_LDFLAGS = "";
				SDKROOT = macosx;
			};
			name = Debug;
		};
		AA49F69B23336996002BD9DA /* Release */ = {
			isa = XCBuildConfiguration;
			buildSettings = {
				ALWAYS_SEARCH_USER_PATHS = NO;
				CLANG_ANALYZER_NONNULL = YES;
				CLANG_ANALYZER_NUMBER_OBJECT_CONVERSION = YES_AGGRESSIVE;
				CLANG_CXX_LANGUAGE_STANDARD = "gnu++14";
				CLANG_CXX_LIBRARY = "libc++";
				CLANG_ENABLE_MODULES = YES;
				CLANG_ENABLE_OBJC_ARC = YES;
				CLANG_ENABLE_OBJC_WEAK = YES;
				CLANG_WARN_BLOCK_CAPTURE_AUTORELEASING = YES;
				CLANG_WARN_BOOL_CONVERSION = YES;
				CLANG_WARN_COMMA = YES;
				CLANG_WARN_CONSTANT_CONVERSION = YES;
				CLANG_WARN_DEPRECATED_OBJC_IMPLEMENTATIONS = YES;
				CLANG_WARN_DIRECT_OBJC_ISA_USAGE = YES_ERROR;
				CLANG_WARN_DOCUMENTATION_COMMENTS = YES;
				CLANG_WARN_EMPTY_BODY = YES;
				CLANG_WARN_ENUM_CONVERSION = YES;
				CLANG_WARN_INFINITE_RECURSION = YES;
				CLANG_WARN_INT_CONVERSION = YES;
				CLANG_WARN_NON_LITERAL_NULL_CONVERSION = YES;
				CLANG_WARN_OBJC_IMPLICIT_RETAIN_SELF = YES;
				CLANG_WARN_OBJC_LITERAL_CONVERSION = YES;
				CLANG_WARN_OBJC_ROOT_CLASS = YES_ERROR;
				CLANG_WARN_RANGE_LOOP_ANALYSIS = YES;
				CLANG_WARN_STRICT_PROTOTYPES = YES;
				CLANG_WARN_SUSPICIOUS_MOVE = YES;
				CLANG_WARN_UNGUARDED_AVAILABILITY = YES_AGGRESSIVE;
				CLANG_WARN_UNREACHABLE_CODE = YES;
				CLANG_WARN__DUPLICATE_METHOD_MATCH = YES;
				CODE_SIGN_IDENTITY = "-";
				COPY_PHASE_STRIP = NO;
				DEBUG_INFORMATION_FORMAT = "dwarf-with-dsym";
				ENABLE_NS_ASSERTIONS = NO;
				ENABLE_STRICT_OBJC_MSGSEND = YES;
				GCC_C_LANGUAGE_STANDARD = gnu11;
				GCC_NO_COMMON_BLOCKS = YES;
				GCC_WARN_64_TO_32_BIT_CONVERSION = YES;
				GCC_WARN_ABOUT_RETURN_TYPE = YES_ERROR;
				GCC_WARN_UNDECLARED_SELECTOR = YES;
				GCC_WARN_UNINITIALIZED_AUTOS = YES_AGGRESSIVE;
				GCC_WARN_UNUSED_FUNCTION = YES;
				GCC_WARN_UNUSED_VARIABLE = YES;
				MACOSX_DEPLOYMENT_TARGET = 10.14;
				MTL_ENABLE_DEBUG_INFO = NO;
				MTL_FAST_MATH = YES;
				OTHER_LDFLAGS = "";
				SDKROOT = macosx;
			};
			name = Release;
		};
		AA49F69D23336996002BD9DA /* Debug */ = {
			isa = XCBuildConfiguration;
			buildSettings = {
				CODE_SIGN_STYLE = Automatic;
				PRODUCT_NAME = "$(TARGET_NAME)";
			};
			name = Debug;
		};
		AA49F69E23336996002BD9DA /* Release */ = {
			isa = XCBuildConfiguration;
			buildSettings = {
				CODE_SIGN_STYLE = Automatic;
				PRODUCT_NAME = "$(TARGET_NAME)";
			};
			name = Release;
		};
/* End XCBuildConfiguration section */

/* Begin XCConfigurationList section */
		AA49F69023336996002BD9DA /* Build configuration list for PBXProject "leetcode_c++" */ = {
			isa = XCConfigurationList;
			buildConfigurations = (
				AA49F69A23336996002BD9DA /* Debug */,
				AA49F69B23336996002BD9DA /* Release */,
			);
			defaultConfigurationIsVisible = 0;
			defaultConfigurationName = Release;
		};
		AA49F69C23336996002BD9DA /* Build configuration list for PBXNativeTarget "leetcode_c++" */ = {
			isa = XCConfigurationList;
			buildConfigurations = (
				AA49F69D23336996002BD9DA /* Debug */,
				AA49F69E23336996002BD9DA /* Release */,
			);
			defaultConfigurationIsVisible = 0;
			defaultConfigurationName = Release;
		};
/* End XCConfigurationList section */
	};
	rootObject = AA49F68D23336996002BD9DA /* Project object */;
}
